
Microsoft Visual Studio Solution File, Format Version 12.00
# Visual Studio Version 16
VisualStudioVersion = 16.0.32407.337
MinimumVisualStudioVersion = 10.0.40219.1
Project("{FAE04EC0-301F-11D3-BF4B-00C04F79EFBC}") = "ComponentProcessing", "ComponentProcessing\ComponentProcessing.csproj", "{E27EC851-09D9-451B-9A80-6C16D966FEAC}"
EndProject
Global
	GlobalSection(SolutionConfigurationPlatforms) = preSolution
		Debug|Any CPU = Debug|Any CPU
		Release|Any CPU = Release|Any CPU
	EndGlobalSection
	GlobalSection(ProjectConfigurationPlatforms) = postSolution
		{E27EC851-09D9-451B-9A80-6C16D966FEAC}.Debug|Any CPU.ActiveCfg = Debug|Any CPU
		{E27EC851-09D9-451B-9A80-6C16D966FEAC}.Debug|Any CPU.Build.0 = Debug|Any CPU
		{E27EC851-09D9-451B-9A80-6C16D966FEAC}.Release|Any CPU.ActiveCfg = Release|Any CPU
		{E27EC851-09D9-451B-9A80-6C16D966FEAC}.Release|Any CPU.Build.0 = Release|Any CPU
	EndGlobalSection
	GlobalSection(SolutionProperties) = preSolution
		HideSolutionNode = FALSE
	EndGlobalSection
	GlobalSection(ExtensibilityGlobals) = postSolution
		SolutionGuid = {FC07DF36-D965-4121-9F59-94175617E328}
	EndGlobalSection
EndGlobal
